
Microsoft Visual Studio Solution File, Format Version 12.00
# Visual Studio Version 17
VisualStudioVersion = 17.3.32929.385
MinimumVisualStudioVersion = 10.0.40219.1
Project("{FAE04EC0-301F-11D3-BF4B-00C04F79EFBC}") = "Keyboard", "Keyboard\Keyboard.csproj", "{1F4E38AB-D8E6-485C-8FA7-802FC13F5180}"
EndProject
Global
	GlobalSection(SolutionConfigurationPlatforms) = preSolution
		Debug|Any CPU = Debug|Any CPU
		Release|Any CPU = Release|Any CPU
	EndGlobalSection
	GlobalSection(ProjectConfigurationPlatforms) = postSolution
		{1F4E38AB-D8E6-485C-8FA7-802FC13F5180}.Debug|Any CPU.ActiveCfg = Debug|Any CPU
		{1F4E38AB-D8E6-485C-8FA7-802FC13F5180}.Debug|Any CPU.Build.0 = Debug|Any CPU
		{1F4E38AB-D8E6-485C-8FA7-802FC13F5180}.Release|Any CPU.ActiveCfg = Release|Any CPU
		{1F4E38AB-D8E6-485C-8FA7-802FC13F5180}.Release|Any CPU.Build.0 = Release|Any CPU
	EndGlobalSection
	GlobalSection(SolutionProperties) = preSolution
		HideSolutionNode = FALSE
	EndGlobalSection
	GlobalSection(ExtensibilityGlobals) = postSolution
		SolutionGuid = {F673FF5D-F458-4E1E-9666-89EFE5317B23}
	EndGlobalSection
EndGlobal
